# This file is automatically @generated by Cargo.
# It is not intended for manual editing.
version = 4

[[package]]
name = "io-build-support"
version = "0.1.0"

[[package]]
name = "io-core-model"
version = "0.1.0"

[[package]]
name = "io-frontend"
version = "0.1.0"
dependencies = [
 "io-build-support",
]

[[package]]
name = "io-historian"
version = "0.1.0"
dependencies = [
 "io-build-support",
]

[[package]]
name = "io-nns-neuron-manager"
version = "0.1.0"
dependencies = [
 "io-build-support",
]

[[package]]
name = "io-reward-policy"
version = "0.1.0"

[[package]]
name = "io-stream-manager"
version = "0.1.0"
dependencies = [
 "io-build-support",
 "io-core-model",
 "io-nns-neuron-manager",
 "io-reward-policy",
]

[[package]]
name = "xtask"
version = "0.1.0"
